// !$*UTF8*$!
{
	archiveVersion = 1;
	classes = {
	};
	objectVersion = 46;
	objects = {

/* Begin PBXBuildFile section */
		FCB4C6AD196F21640068A83B /* NSLayoutConstraint+Bedrock.m in Sources */ = {isa = PBXBuildFile; fileRef = FCB4C62B196F21640068A83B /* NSLayoutConstraint+Bedrock.m */; };
		FCB4C6AE196F21640068A83B /* PBCalendarDayCell.m in Sources */ = {isa = PBXBuildFile; fileRef = FCB4C62E196F21640068A83B /* PBCalendarDayCell.m */; };
		FCB4C6AF196F21640068A83B /* PBCalendarEndPointView.m in Sources */ = {isa = PBXBuildFile; fileRef = FCB4C630196F21640068A83B /* PBCalendarEndPointView.m */; };
		FCB4C6B0196F21640068A83B /* PBCalendarSelectionViewController.m in Sources */ = {isa = PBXBuildFile; fileRef = FCB4C632196F21640068A83B /* PBCalendarSelectionViewController.m */; };
		FCB4C6B1196F21640068A83B /* PBCalendarView.m in Sources */ = {isa = PBXBuildFile; fileRef = FCB4C634196F21640068A83B /* PBCalendarView.m */; };
		FCB4C6B2196F21640068A83B /* PBMonthView.m in Sources */ = {isa = PBXBuildFile; fileRef = FCB4C636196F21640068A83B /* PBMonthView.m */; };
		FCB4C6B3196F21640068A83B /* PBCollectionDefaultCell.m in Sources */ = {isa = PBXBuildFile; fileRef = FCB4C63B196F21640068A83B /* PBCollectionDefaultCell.m */; };
		FCB4C6B4196F21640068A83B /* PBCollectionItem.m in Sources */ = {isa = PBXBuildFile; fileRef = FCB4C63D196F21640068A83B /* PBCollectionItem.m */; };
		FCB4C6B5196F21640068A83B /* PBCollectionLayout.m in Sources */ = {isa = PBXBuildFile; fileRef = FCB4C63F196F21640068A83B /* PBCollectionLayout.m */; };
		FCB4C6B6196F21640068A83B /* PBCollectionSupplimentaryImageItem.m in Sources */ = {isa = PBXBuildFile; fileRef = FCB4C641196F21640068A83B /* PBCollectionSupplimentaryImageItem.m */; };
		FCB4C6B7196F21640068A83B /* PBCollectionViewController.m in Sources */ = {isa = PBXBuildFile; fileRef = FCB4C643196F21640068A83B /* PBCollectionViewController.m */; };
		FCB4C6B8196F21640068A83B /* PBListCell.m in Sources */ = {isa = PBXBuildFile; fileRef = FCB4C648196F21640068A83B /* PBListCell.m */; };
		FCB4C6B9196F21640068A83B /* PBListCell.xib in Resources */ = {isa = PBXBuildFile; fileRef = FCB4C649196F21640068A83B /* PBListCell.xib */; };
		FCB4C6BA196F21640068A83B /* PBListControlItem.m in Sources */ = {isa = PBXBuildFile; fileRef = FCB4C64B196F21640068A83B /* PBListControlItem.m */; };
		FCB4C6BB196F21640068A83B /* PBListDatePickerExpandedItem.m in Sources */ = {isa = PBXBuildFile; fileRef = FCB4C64D196F21640068A83B /* PBListDatePickerExpandedItem.m */; };
		FCB4C6BC196F21640068A83B /* PBListDatePickerItem.m in Sources */ = {isa = PBXBuildFile; fileRef = FCB4C64F196F21640068A83B /* PBListDatePickerItem.m */; };
		FCB4C6BD196F21640068A83B /* PBListExpandableItem.m in Sources */ = {isa = PBXBuildFile; fileRef = FCB4C651196F21640068A83B /* PBListExpandableItem.m */; };
		FCB4C6BE196F21640068A83B /* PBListItem.m in Sources */ = {isa = PBXBuildFile; fileRef = FCB4C653196F21640068A83B /* PBListItem.m */; };
		FCB4C6BF196F21640068A83B /* PBListTextItem.m in Sources */ = {isa = PBXBuildFile; fileRef = FCB4C655196F21640068A83B /* PBListTextItem.m */; };
		FCB4C6C0196F21640068A83B /* PBListViewController.m in Sources */ = {isa = PBXBuildFile; fileRef = FCB4C657196F21640068A83B /* PBListViewController.m */; };
		FCB4C6C1196F21640068A83B /* PBListViewControllerCell.m in Sources */ = {isa = PBXBuildFile; fileRef = FCB4C65A196F21640068A83B /* PBListViewControllerCell.m */; };
		FCB4C6C2196F21650068A83B /* PBListViewControllerItem.m in Sources */ = {isa = PBXBuildFile; fileRef = FCB4C65C196F21640068A83B /* PBListViewControllerItem.m */; };
		FCB4C6C3196F21650068A83B /* PBListViewDefaultCell.m in Sources */ = {isa = PBXBuildFile; fileRef = FCB4C65E196F21640068A83B /* PBListViewDefaultCell.m */; };
		FCB4C6C4196F21650068A83B /* PBListViewExpandableCell.m in Sources */ = {isa = PBXBuildFile; fileRef = FCB4C660196F21640068A83B /* PBListViewExpandableCell.m */; };
		FCB4C6C5196F21650068A83B /* PBListViewExpandableCell.xib in Resources */ = {isa = PBXBuildFile; fileRef = FCB4C661196F21640068A83B /* PBListViewExpandableCell.xib */; };
		FCB4C6C6196F21650068A83B /* PBSectionItem.m in Sources */ = {isa = PBXBuildFile; fileRef = FCB4C663196F21640068A83B /* PBSectionItem.m */; };
		FCB4C6C7196F21650068A83B /* PBTitleCell.m in Sources */ = {isa = PBXBuildFile; fileRef = FCB4C665196F21640068A83B /* PBTitleCell.m */; };
		FCB4C6C8196F21650068A83B /* PBTitleCell.xib in Resources */ = {isa = PBXBuildFile; fileRef = FCB4C666196F21640068A83B /* PBTitleCell.xib */; };
		FCB4C6C9196F21650068A83B /* PBGroupedTableRenderer.m in Sources */ = {isa = PBXBuildFile; fileRef = FCB4C669196F21640068A83B /* PBGroupedTableRenderer.m */; };
		FCB4C6CA196F21650068A83B /* PBListControlRenderer.m in Sources */ = {isa = PBXBuildFile; fileRef = FCB4C66B196F21640068A83B /* PBListControlRenderer.m */; };
		FCB4C6CB196F21650068A83B /* PBListDatePickerRenderer.m in Sources */ = {isa = PBXBuildFile; fileRef = FCB4C66D196F21640068A83B /* PBListDatePickerRenderer.m */; };
		FCB4C6CC196F21650068A83B /* PBListTextRenderer.m in Sources */ = {isa = PBXBuildFile; fileRef = FCB4C670196F21640068A83B /* PBListTextRenderer.m */; };
		FCB4C6CD196F21650068A83B /* PBPaginationRenderer.m in Sources */ = {isa = PBXBuildFile; fileRef = FCB4C672196F21640068A83B /* PBPaginationRenderer.m */; };
		FCB4C6CE196F21650068A83B /* UIAlertView+Bedrock.m in Sources */ = {isa = PBXBuildFile; fileRef = FCB4C676196F21640068A83B /* UIAlertView+Bedrock.m */; };
		FCB4C6CF196F21650068A83B /* UIButton+Bedrock.m in Sources */ = {isa = PBXBuildFile; fileRef = FCB4C678196F21640068A83B /* UIButton+Bedrock.m */; };
		FCB4C6D0196F21650068A83B /* UIColor+Bedrock.m in Sources */ = {isa = PBXBuildFile; fileRef = FCB4C67A196F21640068A83B /* UIColor+Bedrock.m */; };
		FCB4C6D1196F21650068A83B /* UIImage+Bedrock.m in Sources */ = {isa = PBXBuildFile; fileRef = FCB4C67C196F21640068A83B /* UIImage+Bedrock.m */; };
		FCB4C6D2196F21650068A83B /* UINavigationController+Bedrock.m in Sources */ = {isa = PBXBuildFile; fileRef = FCB4C67E196F21640068A83B /* UINavigationController+Bedrock.m */; };
		FCB4C6D3196F21650068A83B /* UIView+Bedrock.m in Sources */ = {isa = PBXBuildFile; fileRef = FCB4C680196F21640068A83B /* UIView+Bedrock.m */; };
		FCB4C6D4196F21650068A83B /* UIViewController+Bedrock.m in Sources */ = {isa = PBXBuildFile; fileRef = FCB4C682196F21640068A83B /* UIViewController+Bedrock.m */; };
		FCB4C6D5196F21650068A83B /* PBActionDelegate.m in Sources */ = {isa = PBXBuildFile; fileRef = FCB4C685196F21640068A83B /* PBActionDelegate.m */; };
		FCB4C6D6196F21650068A83B /* PBIAPHelper.m in Sources */ = {isa = PBXBuildFile; fileRef = FCB4C687196F21640068A83B /* PBIAPHelper.m */; };
		FCB4C6D7196F21650068A83B /* PBGradientView.m in Sources */ = {isa = PBXBuildFile; fileRef = FCB4C68A196F21640068A83B /* PBGradientView.m */; };
		FCB4C6D8196F21650068A83B /* PBIndicatorView.m in Sources */ = {isa = PBXBuildFile; fileRef = FCB4C68C196F21640068A83B /* PBIndicatorView.m */; };
		FCB4C6D9196F21650068A83B /* UIBezierButton.m in Sources */ = {isa = PBXBuildFile; fileRef = FCB4C68E196F21640068A83B /* UIBezierButton.m */; };
		FCB4C6DA196F21650068A83B /* UIBezierView.m in Sources */ = {isa = PBXBuildFile; fileRef = FCB4C690196F21640068A83B /* UIBezierView.m */; };
		FCB4C6DB196F21650068A83B /* NSArray+Bedrock.m in Sources */ = {isa = PBXBuildFile; fileRef = FCB4C695196F21640068A83B /* NSArray+Bedrock.m */; };
		FCB4C6DC196F21650068A83B /* NSCalendar+Bedrock.m in Sources */ = {isa = PBXBuildFile; fileRef = FCB4C697196F21640068A83B /* NSCalendar+Bedrock.m */; };
		FCB4C6DD196F21650068A83B /* NSDate+Bedrock.m in Sources */ = {isa = PBXBuildFile; fileRef = FCB4C699196F21640068A83B /* NSDate+Bedrock.m */; };
		FCB4C6DE196F21650068A83B /* NSDateComponents+Bedrock.m in Sources */ = {isa = PBXBuildFile; fileRef = FCB4C69B196F21640068A83B /* NSDateComponents+Bedrock.m */; };
		FCB4C6DF196F21650068A83B /* NSNotification+Bedrock.m in Sources */ = {isa = PBXBuildFile; fileRef = FCB4C69D196F21640068A83B /* NSNotification+Bedrock.m */; };
		FCB4C6E0196F21650068A83B /* NSObject+Bedrock.m in Sources */ = {isa = PBXBuildFile; fileRef = FCB4C69F196F21640068A83B /* NSObject+Bedrock.m */; };
		FCB4C6E1196F21650068A83B /* NSString+Bedrock.m in Sources */ = {isa = PBXBuildFile; fileRef = FCB4C6A1196F21640068A83B /* NSString+Bedrock.m */; };
		FCB4C6E2196F21650068A83B /* PBDateRange.m in Sources */ = {isa = PBXBuildFile; fileRef = FCB4C6A4196F21640068A83B /* PBDateRange.m */; };
		FCB4C6E3196F21650068A83B /* PBDummyClass.m in Sources */ = {isa = PBXBuildFile; fileRef = FCB4C6A6196F21640068A83B /* PBDummyClass.m */; };
		FCB4C6E4196F21650068A83B /* PBManagedObjectContextManager.m in Sources */ = {isa = PBXBuildFile; fileRef = FCB4C6A8196F21640068A83B /* PBManagedObjectContextManager.m */; };
		FCB4C6E5196F21650068A83B /* PBRunningAverageValue.m in Sources */ = {isa = PBXBuildFile; fileRef = FCB4C6AA196F21640068A83B /* PBRunningAverageValue.m */; };
		FCB4C6E6196F21650068A83B /* PBSwizzler.m in Sources */ = {isa = PBXBuildFile; fileRef = FCB4C6AC196F21640068A83B /* PBSwizzler.m */; };
		FE2A4787187B6F0B007A4178 /* Foundation.framework in Frameworks */ = {isa = PBXBuildFile; fileRef = FE2A4786187B6F0B007A4178 /* Foundation.framework */; };
		FE2A4789187B6F0B007A4178 /* CoreGraphics.framework in Frameworks */ = {isa = PBXBuildFile; fileRef = FE2A4788187B6F0B007A4178 /* CoreGraphics.framework */; };
		FE2A478B187B6F0B007A4178 /* UIKit.framework in Frameworks */ = {isa = PBXBuildFile; fileRef = FE2A478A187B6F0B007A4178 /* UIKit.framework */; };
		FE2A4791187B6F0B007A4178 /* InfoPlist.strings in Resources */ = {isa = PBXBuildFile; fileRef = FE2A478F187B6F0B007A4178 /* InfoPlist.strings */; };
		FE2A4793187B6F0B007A4178 /* main.m in Sources */ = {isa = PBXBuildFile; fileRef = FE2A4792187B6F0B007A4178 /* main.m */; };
		FE2A4797187B6F0B007A4178 /* PBAppDelegate.m in Sources */ = {isa = PBXBuildFile; fileRef = FE2A4796187B6F0B007A4178 /* PBAppDelegate.m */; };
		FE2A47A0187B6F0B007A4178 /* PBViewController.m in Sources */ = {isa = PBXBuildFile; fileRef = FE2A479F187B6F0B007A4178 /* PBViewController.m */; };
		FE2A47A2187B6F0B007A4178 /* Images.xcassets in Resources */ = {isa = PBXBuildFile; fileRef = FE2A47A1187B6F0B007A4178 /* Images.xcassets */; };
		FE2A47A9187B6F0B007A4178 /* XCTest.framework in Frameworks */ = {isa = PBXBuildFile; fileRef = FE2A47A8187B6F0B007A4178 /* XCTest.framework */; };
		FE2A47AA187B6F0B007A4178 /* Foundation.framework in Frameworks */ = {isa = PBXBuildFile; fileRef = FE2A4786187B6F0B007A4178 /* Foundation.framework */; };
		FE2A47AB187B6F0B007A4178 /* UIKit.framework in Frameworks */ = {isa = PBXBuildFile; fileRef = FE2A478A187B6F0B007A4178 /* UIKit.framework */; };
		FE2A47B3187B6F0B007A4178 /* InfoPlist.strings in Resources */ = {isa = PBXBuildFile; fileRef = FE2A47B1187B6F0B007A4178 /* InfoPlist.strings */; };
		FE2A47B5187B6F0B007A4178 /* PBEmitterViewControllerListExampleTests.m in Sources */ = {isa = PBXBuildFile; fileRef = FE2A47B4187B6F0B007A4178 /* PBEmitterViewControllerListExampleTests.m */; };
		FE2A47E6187B7215007A4178 /* PBSelectionListViewController.m in Sources */ = {isa = PBXBuildFile; fileRef = FE2A47E5187B7215007A4178 /* PBSelectionListViewController.m */; };
		FE2A47EF187B874B007A4178 /* PBDetailViewController.m in Sources */ = {isa = PBXBuildFile; fileRef = FE2A47EE187B874B007A4178 /* PBDetailViewController.m */; };
		FE2A47F2187B8D35007A4178 /* PBGrowingViewController.m in Sources */ = {isa = PBXBuildFile; fileRef = FE2A47F1187B8D35007A4178 /* PBGrowingViewController.m */; };
		FE4042DC187CE0C50028C249 /* PBGroupedViewController.m in Sources */ = {isa = PBXBuildFile; fileRef = FE4042DB187CE0C50028C249 /* PBGroupedViewController.m */; };
/* End PBXBuildFile section */

/* Begin PBXContainerItemProxy section */
		FE2A47AC187B6F0B007A4178 /* PBXContainerItemProxy */ = {
			isa = PBXContainerItemProxy;
			containerPortal = FE2A477B187B6F0B007A4178 /* Project object */;
			proxyType = 1;
			remoteGlobalIDString = FE2A4782187B6F0B007A4178;
			remoteInfo = PBEmitterViewControllerListExample;
		};
/* End PBXContainerItemProxy section */

/* Begin PBXFileReference section */
		FCB4C62A196F21640068A83B /* NSLayoutConstraint+Bedrock.h */ = {isa = PBXFileReference; fileEncoding = 4; lastKnownFileType = sourcecode.c.h; path = "NSLayoutConstraint+Bedrock.h"; sourceTree = "<group>"; };
		FCB4C62B196F21640068A83B /* NSLayoutConstraint+Bedrock.m */ = {isa = PBXFileReference; fileEncoding = 4; lastKnownFileType = sourcecode.c.objc; path = "NSLayoutConstraint+Bedrock.m"; sourceTree = "<group>"; };
		FCB4C62D196F21640068A83B /* PBCalendarDayCell.h */ = {isa = PBXFileReference; fileEncoding = 4; lastKnownFileType = sourcecode.c.h; path = PBCalendarDayCell.h; sourceTree = "<group>"; };
		FCB4C62E196F21640068A83B /* PBCalendarDayCell.m */ = {isa = PBXFileReference; fileEncoding = 4; lastKnownFileType = sourcecode.c.objc; path = PBCalendarDayCell.m; sourceTree = "<group>"; };
		FCB4C62F196F21640068A83B /* PBCalendarEndPointView.h */ = {isa = PBXFileReference; fileEncoding = 4; lastKnownFileType = sourcecode.c.h; path = PBCalendarEndPointView.h; sourceTree = "<group>"; };
		FCB4C630196F21640068A83B /* PBCalendarEndPointView.m */ = {isa = PBXFileReference; fileEncoding = 4; lastKnownFileType = sourcecode.c.objc; path = PBCalendarEndPointView.m; sourceTree = "<group>"; };
		FCB4C631196F21640068A83B /* PBCalendarSelectionViewController.h */ = {isa = PBXFileReference; fileEncoding = 4; lastKnownFileType = sourcecode.c.h; path = PBCalendarSelectionViewController.h; sourceTree = "<group>"; };
		FCB4C632196F21640068A83B /* PBCalendarSelectionViewController.m */ = {isa = PBXFileReference; fileEncoding = 4; lastKnownFileType = sourcecode.c.objc; path = PBCalendarSelectionViewController.m; sourceTree = "<group>"; };
		FCB4C633196F21640068A83B /* PBCalendarView.h */ = {isa = PBXFileReference; fileEncoding = 4; lastKnownFileType = sourcecode.c.h; path = PBCalendarView.h; sourceTree = "<group>"; };
		FCB4C634196F21640068A83B /* PBCalendarView.m */ = {isa = PBXFileReference; fileEncoding = 4; lastKnownFileType = sourcecode.c.objc; path = PBCalendarView.m; sourceTree = "<group>"; };
		FCB4C635196F21640068A83B /* PBMonthView.h */ = {isa = PBXFileReference; fileEncoding = 4; lastKnownFileType = sourcecode.c.h; path = PBMonthView.h; sourceTree = "<group>"; };
		FCB4C636196F21640068A83B /* PBMonthView.m */ = {isa = PBXFileReference; fileEncoding = 4; lastKnownFileType = sourcecode.c.objc; path = PBMonthView.m; sourceTree = "<group>"; };
		FCB4C638196F21640068A83B /* Emitter.h */ = {isa = PBXFileReference; fileEncoding = 4; lastKnownFileType = sourcecode.c.h; path = Emitter.h; sourceTree = "<group>"; };
		FCB4C63A196F21640068A83B /* PBCollectionDefaultCell.h */ = {isa = PBXFileReference; fileEncoding = 4; lastKnownFileType = sourcecode.c.h; path = PBCollectionDefaultCell.h; sourceTree = "<group>"; };
		FCB4C63B196F21640068A83B /* PBCollectionDefaultCell.m */ = {isa = PBXFileReference; fileEncoding = 4; lastKnownFileType = sourcecode.c.objc; path = PBCollectionDefaultCell.m; sourceTree = "<group>"; };
		FCB4C63C196F21640068A83B /* PBCollectionItem.h */ = {isa = PBXFileReference; fileEncoding = 4; lastKnownFileType = sourcecode.c.h; path = PBCollectionItem.h; sourceTree = "<group>"; };
		FCB4C63D196F21640068A83B /* PBCollectionItem.m */ = {isa = PBXFileReference; fileEncoding = 4; lastKnownFileType = sourcecode.c.objc; path = PBCollectionItem.m; sourceTree = "<group>"; };
		FCB4C63E196F21640068A83B /* PBCollectionLayout.h */ = {isa = PBXFileReference; fileEncoding = 4; lastKnownFileType = sourcecode.c.h; path = PBCollectionLayout.h; sourceTree = "<group>"; };
		FCB4C63F196F21640068A83B /* PBCollectionLayout.m */ = {isa = PBXFileReference; fileEncoding = 4; lastKnownFileType = sourcecode.c.objc; path = PBCollectionLayout.m; sourceTree = "<group>"; };
		FCB4C640196F21640068A83B /* PBCollectionSupplimentaryImageItem.h */ = {isa = PBXFileReference; fileEncoding = 4; lastKnownFileType = sourcecode.c.h; path = PBCollectionSupplimentaryImageItem.h; sourceTree = "<group>"; };
		FCB4C641196F21640068A83B /* PBCollectionSupplimentaryImageItem.m */ = {isa = PBXFileReference; fileEncoding = 4; lastKnownFileType = sourcecode.c.objc; path = PBCollectionSupplimentaryImageItem.m; sourceTree = "<group>"; };
		FCB4C642196F21640068A83B /* PBCollectionViewController.h */ = {isa = PBXFileReference; fileEncoding = 4; lastKnownFileType = sourcecode.c.h; path = PBCollectionViewController.h; sourceTree = "<group>"; };
		FCB4C643196F21640068A83B /* PBCollectionViewController.m */ = {isa = PBXFileReference; fileEncoding = 4; lastKnownFileType = sourcecode.c.objc; path = PBCollectionViewController.m; sourceTree = "<group>"; };
		FCB4C645196F21640068A83B /* PBCollectionItemRenderer.h */ = {isa = PBXFileReference; fileEncoding = 4; lastKnownFileType = sourcecode.c.h; path = PBCollectionItemRenderer.h; sourceTree = "<group>"; };
		FCB4C647196F21640068A83B /* PBListCell.h */ = {isa = PBXFileReference; fileEncoding = 4; lastKnownFileType = sourcecode.c.h; path = PBListCell.h; sourceTree = "<group>"; };
		FCB4C648196F21640068A83B /* PBListCell.m */ = {isa = PBXFileReference; fileEncoding = 4; lastKnownFileType = sourcecode.c.objc; path = PBListCell.m; sourceTree = "<group>"; };
		FCB4C649196F21640068A83B /* PBListCell.xib */ = {isa = PBXFileReference; fileEncoding = 4; lastKnownFileType = file.xib; path = PBListCell.xib; sourceTree = "<group>"; };
		FCB4C64A196F21640068A83B /* PBListControlItem.h */ = {isa = PBXFileReference; fileEncoding = 4; lastKnownFileType = sourcecode.c.h; path = PBListControlItem.h; sourceTree = "<group>"; };
		FCB4C64B196F21640068A83B /* PBListControlItem.m */ = {isa = PBXFileReference; fileEncoding = 4; lastKnownFileType = sourcecode.c.objc; path = PBListControlItem.m; sourceTree = "<group>"; };
		FCB4C64C196F21640068A83B /* PBListDatePickerExpandedItem.h */ = {isa = PBXFileReference; fileEncoding = 4; lastKnownFileType = sourcecode.c.h; path = PBListDatePickerExpandedItem.h; sourceTree = "<group>"; };
		FCB4C64D196F21640068A83B /* PBListDatePickerExpandedItem.m */ = {isa = PBXFileReference; fileEncoding = 4; lastKnownFileType = sourcecode.c.objc; path = PBListDatePickerExpandedItem.m; sourceTree = "<group>"; };
		FCB4C64E196F21640068A83B /* PBListDatePickerItem.h */ = {isa = PBXFileReference; fileEncoding = 4; lastKnownFileType = sourcecode.c.h; path = PBListDatePickerItem.h; sourceTree = "<group>"; };
		FCB4C64F196F21640068A83B /* PBListDatePickerItem.m */ = {isa = PBXFileReference; fileEncoding = 4; lastKnownFileType = sourcecode.c.objc; path = PBListDatePickerItem.m; sourceTree = "<group>"; };
		FCB4C650196F21640068A83B /* PBListExpandableItem.h */ = {isa = PBXFileReference; fileEncoding = 4; lastKnownFileType = sourcecode.c.h; path = PBListExpandableItem.h; sourceTree = "<group>"; };
		FCB4C651196F21640068A83B /* PBListExpandableItem.m */ = {isa = PBXFileReference; fileEncoding = 4; lastKnownFileType = sourcecode.c.objc; path = PBListExpandableItem.m; sourceTree = "<group>"; };
		FCB4C652196F21640068A83B /* PBListItem.h */ = {isa = PBXFileReference; fileEncoding = 4; lastKnownFileType = sourcecode.c.h; path = PBListItem.h; sourceTree = "<group>"; };
		FCB4C653196F21640068A83B /* PBListItem.m */ = {isa = PBXFileReference; fileEncoding = 4; lastKnownFileType = sourcecode.c.objc; path = PBListItem.m; sourceTree = "<group>"; };
		FCB4C654196F21640068A83B /* PBListTextItem.h */ = {isa = PBXFileReference; fileEncoding = 4; lastKnownFileType = sourcecode.c.h; path = PBListTextItem.h; sourceTree = "<group>"; };
		FCB4C655196F21640068A83B /* PBListTextItem.m */ = {isa = PBXFileReference; fileEncoding = 4; lastKnownFileType = sourcecode.c.objc; path = PBListTextItem.m; sourceTree = "<group>"; };
		FCB4C656196F21640068A83B /* PBListViewController.h */ = {isa = PBXFileReference; fileEncoding = 4; lastKnownFileType = sourcecode.c.h; path = PBListViewController.h; sourceTree = "<group>"; };
		FCB4C657196F21640068A83B /* PBListViewController.m */ = {isa = PBXFileReference; fileEncoding = 4; lastKnownFileType = sourcecode.c.objc; path = PBListViewController.m; sourceTree = "<group>"; };
		FCB4C658196F21640068A83B /* PBListViewController_Private.h */ = {isa = PBXFileReference; fileEncoding = 4; lastKnownFileType = sourcecode.c.h; path = PBListViewController_Private.h; sourceTree = "<group>"; };
		FCB4C659196F21640068A83B /* PBListViewControllerCell.h */ = {isa = PBXFileReference; fileEncoding = 4; lastKnownFileType = sourcecode.c.h; path = PBListViewControllerCell.h; sourceTree = "<group>"; };
		FCB4C65A196F21640068A83B /* PBListViewControllerCell.m */ = {isa = PBXFileReference; fileEncoding = 4; lastKnownFileType = sourcecode.c.objc; path = PBListViewControllerCell.m; sourceTree = "<group>"; };
		FCB4C65B196F21640068A83B /* PBListViewControllerItem.h */ = {isa = PBXFileReference; fileEncoding = 4; lastKnownFileType = sourcecode.c.h; path = PBListViewControllerItem.h; sourceTree = "<group>"; };
		FCB4C65C196F21640068A83B /* PBListViewControllerItem.m */ = {isa = PBXFileReference; fileEncoding = 4; lastKnownFileType = sourcecode.c.objc; path = PBListViewControllerItem.m; sourceTree = "<group>"; };
		FCB4C65D196F21640068A83B /* PBListViewDefaultCell.h */ = {isa = PBXFileReference; fileEncoding = 4; lastKnownFileType = sourcecode.c.h; path = PBListViewDefaultCell.h; sourceTree = "<group>"; };
		FCB4C65E196F21640068A83B /* PBListViewDefaultCell.m */ = {isa = PBXFileReference; fileEncoding = 4; lastKnownFileType = sourcecode.c.objc; path = PBListViewDefaultCell.m; sourceTree = "<group>"; };
		FCB4C65F196F21640068A83B /* PBListViewExpandableCell.h */ = {isa = PBXFileReference; fileEncoding = 4; lastKnownFileType = sourcecode.c.h; path = PBListViewExpandableCell.h; sourceTree = "<group>"; };
		FCB4C660196F21640068A83B /* PBListViewExpandableCell.m */ = {isa = PBXFileReference; fileEncoding = 4; lastKnownFileType = sourcecode.c.objc; path = PBListViewExpandableCell.m; sourceTree = "<group>"; };
		FCB4C661196F21640068A83B /* PBListViewExpandableCell.xib */ = {isa = PBXFileReference; fileEncoding = 4; lastKnownFileType = file.xib; path = PBListViewExpandableCell.xib; sourceTree = "<group>"; };
		FCB4C662196F21640068A83B /* PBSectionItem.h */ = {isa = PBXFileReference; fileEncoding = 4; lastKnownFileType = sourcecode.c.h; path = PBSectionItem.h; sourceTree = "<group>"; };
		FCB4C663196F21640068A83B /* PBSectionItem.m */ = {isa = PBXFileReference; fileEncoding = 4; lastKnownFileType = sourcecode.c.objc; path = PBSectionItem.m; sourceTree = "<group>"; };
		FCB4C664196F21640068A83B /* PBTitleCell.h */ = {isa = PBXFileReference; fileEncoding = 4; lastKnownFileType = sourcecode.c.h; path = PBTitleCell.h; sourceTree = "<group>"; };
		FCB4C665196F21640068A83B /* PBTitleCell.m */ = {isa = PBXFileReference; fileEncoding = 4; lastKnownFileType = sourcecode.c.objc; path = PBTitleCell.m; sourceTree = "<group>"; };
		FCB4C666196F21640068A83B /* PBTitleCell.xib */ = {isa = PBXFileReference; fileEncoding = 4; lastKnownFileType = file.xib; path = PBTitleCell.xib; sourceTree = "<group>"; };
		FCB4C668196F21640068A83B /* PBGroupedTableRenderer.h */ = {isa = PBXFileReference; fileEncoding = 4; lastKnownFileType = sourcecode.c.h; path = PBGroupedTableRenderer.h; sourceTree = "<group>"; };
		FCB4C669196F21640068A83B /* PBGroupedTableRenderer.m */ = {isa = PBXFileReference; fileEncoding = 4; lastKnownFileType = sourcecode.c.objc; path = PBGroupedTableRenderer.m; sourceTree = "<group>"; };
		FCB4C66A196F21640068A83B /* PBListControlRenderer.h */ = {isa = PBXFileReference; fileEncoding = 4; lastKnownFileType = sourcecode.c.h; path = PBListControlRenderer.h; sourceTree = "<group>"; };
		FCB4C66B196F21640068A83B /* PBListControlRenderer.m */ = {isa = PBXFileReference; fileEncoding = 4; lastKnownFileType = sourcecode.c.objc; path = PBListControlRenderer.m; sourceTree = "<group>"; };
		FCB4C66C196F21640068A83B /* PBListDatePickerRenderer.h */ = {isa = PBXFileReference; fileEncoding = 4; lastKnownFileType = sourcecode.c.h; path = PBListDatePickerRenderer.h; sourceTree = "<group>"; };
		FCB4C66D196F21640068A83B /* PBListDatePickerRenderer.m */ = {isa = PBXFileReference; fileEncoding = 4; lastKnownFileType = sourcecode.c.objc; path = PBListDatePickerRenderer.m; sourceTree = "<group>"; };
		FCB4C66E196F21640068A83B /* PBListItemRenderer.h */ = {isa = PBXFileReference; fileEncoding = 4; lastKnownFileType = sourcecode.c.h; path = PBListItemRenderer.h; sourceTree = "<group>"; };
		FCB4C66F196F21640068A83B /* PBListTextRenderer.h */ = {isa = PBXFileReference; fileEncoding = 4; lastKnownFileType = sourcecode.c.h; path = PBListTextRenderer.h; sourceTree = "<group>"; };
		FCB4C670196F21640068A83B /* PBListTextRenderer.m */ = {isa = PBXFileReference; fileEncoding = 4; lastKnownFileType = sourcecode.c.objc; path = PBListTextRenderer.m; sourceTree = "<group>"; };
		FCB4C671196F21640068A83B /* PBPaginationRenderer.h */ = {isa = PBXFileReference; fileEncoding = 4; lastKnownFileType = sourcecode.c.h; path = PBPaginationRenderer.h; sourceTree = "<group>"; };
		FCB4C672196F21640068A83B /* PBPaginationRenderer.m */ = {isa = PBXFileReference; fileEncoding = 4; lastKnownFileType = sourcecode.c.objc; path = PBPaginationRenderer.m; sourceTree = "<group>"; };
		FCB4C675196F21640068A83B /* UIAlertView+Bedrock.h */ = {isa = PBXFileReference; fileEncoding = 4; lastKnownFileType = sourcecode.c.h; path = "UIAlertView+Bedrock.h"; sourceTree = "<group>"; };
		FCB4C676196F21640068A83B /* UIAlertView+Bedrock.m */ = {isa = PBXFileReference; fileEncoding = 4; lastKnownFileType = sourcecode.c.objc; path = "UIAlertView+Bedrock.m"; sourceTree = "<group>"; };
		FCB4C677196F21640068A83B /* UIButton+Bedrock.h */ = {isa = PBXFileReference; fileEncoding = 4; lastKnownFileType = sourcecode.c.h; path = "UIButton+Bedrock.h"; sourceTree = "<group>"; };
		FCB4C678196F21640068A83B /* UIButton+Bedrock.m */ = {isa = PBXFileReference; fileEncoding = 4; lastKnownFileType = sourcecode.c.objc; path = "UIButton+Bedrock.m"; sourceTree = "<group>"; };
		FCB4C679196F21640068A83B /* UIColor+Bedrock.h */ = {isa = PBXFileReference; fileEncoding = 4; lastKnownFileType = sourcecode.c.h; path = "UIColor+Bedrock.h"; sourceTree = "<group>"; };
		FCB4C67A196F21640068A83B /* UIColor+Bedrock.m */ = {isa = PBXFileReference; fileEncoding = 4; lastKnownFileType = sourcecode.c.objc; path = "UIColor+Bedrock.m"; sourceTree = "<group>"; };
		FCB4C67B196F21640068A83B /* UIImage+Bedrock.h */ = {isa = PBXFileReference; fileEncoding = 4; lastKnownFileType = sourcecode.c.h; path = "UIImage+Bedrock.h"; sourceTree = "<group>"; };
		FCB4C67C196F21640068A83B /* UIImage+Bedrock.m */ = {isa = PBXFileReference; fileEncoding = 4; lastKnownFileType = sourcecode.c.objc; path = "UIImage+Bedrock.m"; sourceTree = "<group>"; };
		FCB4C67D196F21640068A83B /* UINavigationController+Bedrock.h */ = {isa = PBXFileReference; fileEncoding = 4; lastKnownFileType = sourcecode.c.h; path = "UINavigationController+Bedrock.h"; sourceTree = "<group>"; };
		FCB4C67E196F21640068A83B /* UINavigationController+Bedrock.m */ = {isa = PBXFileReference; fileEncoding = 4; lastKnownFileType = sourcecode.c.objc; path = "UINavigationController+Bedrock.m"; sourceTree = "<group>"; };
		FCB4C67F196F21640068A83B /* UIView+Bedrock.h */ = {isa = PBXFileReference; fileEncoding = 4; lastKnownFileType = sourcecode.c.h; path = "UIView+Bedrock.h"; sourceTree = "<group>"; };
		FCB4C680196F21640068A83B /* UIView+Bedrock.m */ = {isa = PBXFileReference; fileEncoding = 4; lastKnownFileType = sourcecode.c.objc; path = "UIView+Bedrock.m"; sourceTree = "<group>"; };
		FCB4C681196F21640068A83B /* UIViewController+Bedrock.h */ = {isa = PBXFileReference; fileEncoding = 4; lastKnownFileType = sourcecode.c.h; path = "UIViewController+Bedrock.h"; sourceTree = "<group>"; };
		FCB4C682196F21640068A83B /* UIViewController+Bedrock.m */ = {isa = PBXFileReference; fileEncoding = 4; lastKnownFileType = sourcecode.c.objc; path = "UIViewController+Bedrock.m"; sourceTree = "<group>"; };
		FCB4C684196F21640068A83B /* PBActionDelegate.h */ = {isa = PBXFileReference; fileEncoding = 4; lastKnownFileType = sourcecode.c.h; path = PBActionDelegate.h; sourceTree = "<group>"; };
		FCB4C685196F21640068A83B /* PBActionDelegate.m */ = {isa = PBXFileReference; fileEncoding = 4; lastKnownFileType = sourcecode.c.objc; path = PBActionDelegate.m; sourceTree = "<group>"; };
		FCB4C686196F21640068A83B /* PBIAPHelper.h */ = {isa = PBXFileReference; fileEncoding = 4; lastKnownFileType = sourcecode.c.h; path = PBIAPHelper.h; sourceTree = "<group>"; };
		FCB4C687196F21640068A83B /* PBIAPHelper.m */ = {isa = PBXFileReference; fileEncoding = 4; lastKnownFileType = sourcecode.c.objc; path = PBIAPHelper.m; sourceTree = "<group>"; };
		FCB4C689196F21640068A83B /* PBGradientView.h */ = {isa = PBXFileReference; fileEncoding = 4; lastKnownFileType = sourcecode.c.h; path = PBGradientView.h; sourceTree = "<group>"; };
		FCB4C68A196F21640068A83B /* PBGradientView.m */ = {isa = PBXFileReference; fileEncoding = 4; lastKnownFileType = sourcecode.c.objc; path = PBGradientView.m; sourceTree = "<group>"; };
		FCB4C68B196F21640068A83B /* PBIndicatorView.h */ = {isa = PBXFileReference; fileEncoding = 4; lastKnownFileType = sourcecode.c.h; path = PBIndicatorView.h; sourceTree = "<group>"; };
		FCB4C68C196F21640068A83B /* PBIndicatorView.m */ = {isa = PBXFileReference; fileEncoding = 4; lastKnownFileType = sourcecode.c.objc; path = PBIndicatorView.m; sourceTree = "<group>"; };
		FCB4C68D196F21640068A83B /* UIBezierButton.h */ = {isa = PBXFileReference; fileEncoding = 4; lastKnownFileType = sourcecode.c.h; path = UIBezierButton.h; sourceTree = "<group>"; };
		FCB4C68E196F21640068A83B /* UIBezierButton.m */ = {isa = PBXFileReference; fileEncoding = 4; lastKnownFileType = sourcecode.c.objc; path = UIBezierButton.m; sourceTree = "<group>"; };
		FCB4C68F196F21640068A83B /* UIBezierView.h */ = {isa = PBXFileReference; fileEncoding = 4; lastKnownFileType = sourcecode.c.h; path = UIBezierView.h; sourceTree = "<group>"; };
		FCB4C690196F21640068A83B /* UIBezierView.m */ = {isa = PBXFileReference; fileEncoding = 4; lastKnownFileType = sourcecode.c.objc; path = UIBezierView.m; sourceTree = "<group>"; };
		FCB4C692196F21640068A83B /* Bedrock.h */ = {isa = PBXFileReference; fileEncoding = 4; lastKnownFileType = sourcecode.c.h; path = Bedrock.h; sourceTree = "<group>"; };
		FCB4C694196F21640068A83B /* NSArray+Bedrock.h */ = {isa = PBXFileReference; fileEncoding = 4; lastKnownFileType = sourcecode.c.h; path = "NSArray+Bedrock.h"; sourceTree = "<group>"; };
		FCB4C695196F21640068A83B /* NSArray+Bedrock.m */ = {isa = PBXFileReference; fileEncoding = 4; lastKnownFileType = sourcecode.c.objc; path = "NSArray+Bedrock.m"; sourceTree = "<group>"; };
		FCB4C696196F21640068A83B /* NSCalendar+Bedrock.h */ = {isa = PBXFileReference; fileEncoding = 4; lastKnownFileType = sourcecode.c.h; path = "NSCalendar+Bedrock.h"; sourceTree = "<group>"; };
		FCB4C697196F21640068A83B /* NSCalendar+Bedrock.m */ = {isa = PBXFileReference; fileEncoding = 4; lastKnownFileType = sourcecode.c.objc; path = "NSCalendar+Bedrock.m"; sourceTree = "<group>"; };
		FCB4C698196F21640068A83B /* NSDate+Bedrock.h */ = {isa = PBXFileReference; fileEncoding = 4; lastKnownFileType = sourcecode.c.h; path = "NSDate+Bedrock.h"; sourceTree = "<group>"; };
		FCB4C699196F21640068A83B /* NSDate+Bedrock.m */ = {isa = PBXFileReference; fileEncoding = 4; lastKnownFileType = sourcecode.c.objc; path = "NSDate+Bedrock.m"; sourceTree = "<group>"; };
		FCB4C69A196F21640068A83B /* NSDateComponents+Bedrock.h */ = {isa = PBXFileReference; fileEncoding = 4; lastKnownFileType = sourcecode.c.h; path = "NSDateComponents+Bedrock.h"; sourceTree = "<group>"; };
		FCB4C69B196F21640068A83B /* NSDateComponents+Bedrock.m */ = {isa = PBXFileReference; fileEncoding = 4; lastKnownFileType = sourcecode.c.objc; path = "NSDateComponents+Bedrock.m"; sourceTree = "<group>"; };
		FCB4C69C196F21640068A83B /* NSNotification+Bedrock.h */ = {isa = PBXFileReference; fileEncoding = 4; lastKnownFileType = sourcecode.c.h; path = "NSNotification+Bedrock.h"; sourceTree = "<group>"; };
		FCB4C69D196F21640068A83B /* NSNotification+Bedrock.m */ = {isa = PBXFileReference; fileEncoding = 4; lastKnownFileType = sourcecode.c.objc; path = "NSNotification+Bedrock.m"; sourceTree = "<group>"; };
		FCB4C69E196F21640068A83B /* NSObject+Bedrock.h */ = {isa = PBXFileReference; fileEncoding = 4; lastKnownFileType = sourcecode.c.h; path = "NSObject+Bedrock.h"; sourceTree = "<group>"; };
		FCB4C69F196F21640068A83B /* NSObject+Bedrock.m */ = {isa = PBXFileReference; fileEncoding = 4; lastKnownFileType = sourcecode.c.objc; path = "NSObject+Bedrock.m"; sourceTree = "<group>"; };
		FCB4C6A0196F21640068A83B /* NSString+Bedrock.h */ = {isa = PBXFileReference; fileEncoding = 4; lastKnownFileType = sourcecode.c.h; path = "NSString+Bedrock.h"; sourceTree = "<group>"; };
		FCB4C6A1196F21640068A83B /* NSString+Bedrock.m */ = {isa = PBXFileReference; fileEncoding = 4; lastKnownFileType = sourcecode.c.objc; path = "NSString+Bedrock.m"; sourceTree = "<group>"; };
		FCB4C6A3196F21640068A83B /* PBDateRange.h */ = {isa = PBXFileReference; fileEncoding = 4; lastKnownFileType = sourcecode.c.h; path = PBDateRange.h; sourceTree = "<group>"; };
		FCB4C6A4196F21640068A83B /* PBDateRange.m */ = {isa = PBXFileReference; fileEncoding = 4; lastKnownFileType = sourcecode.c.objc; path = PBDateRange.m; sourceTree = "<group>"; };
		FCB4C6A5196F21640068A83B /* PBDummyClass.h */ = {isa = PBXFileReference; fileEncoding = 4; lastKnownFileType = sourcecode.c.h; path = PBDummyClass.h; sourceTree = "<group>"; };
		FCB4C6A6196F21640068A83B /* PBDummyClass.m */ = {isa = PBXFileReference; fileEncoding = 4; lastKnownFileType = sourcecode.c.objc; path = PBDummyClass.m; sourceTree = "<group>"; };
		FCB4C6A7196F21640068A83B /* PBManagedObjectContextManager.h */ = {isa = PBXFileReference; fileEncoding = 4; lastKnownFileType = sourcecode.c.h; path = PBManagedObjectContextManager.h; sourceTree = "<group>"; };
		FCB4C6A8196F21640068A83B /* PBManagedObjectContextManager.m */ = {isa = PBXFileReference; fileEncoding = 4; lastKnownFileType = sourcecode.c.objc; path = PBManagedObjectContextManager.m; sourceTree = "<group>"; };
		FCB4C6A9196F21640068A83B /* PBRunningAverageValue.h */ = {isa = PBXFileReference; fileEncoding = 4; lastKnownFileType = sourcecode.c.h; path = PBRunningAverageValue.h; sourceTree = "<group>"; };
		FCB4C6AA196F21640068A83B /* PBRunningAverageValue.m */ = {isa = PBXFileReference; fileEncoding = 4; lastKnownFileType = sourcecode.c.objc; path = PBRunningAverageValue.m; sourceTree = "<group>"; };
		FCB4C6AB196F21640068A83B /* PBSwizzler.h */ = {isa = PBXFileReference; fileEncoding = 4; lastKnownFileType = sourcecode.c.h; path = PBSwizzler.h; sourceTree = "<group>"; };
		FCB4C6AC196F21640068A83B /* PBSwizzler.m */ = {isa = PBXFileReference; fileEncoding = 4; lastKnownFileType = sourcecode.c.objc; path = PBSwizzler.m; sourceTree = "<group>"; };
		FE2A4783187B6F0B007A4178 /* PBEmitterViewControllerListExample.app */ = {isa = PBXFileReference; explicitFileType = wrapper.application; includeInIndex = 0; path = PBEmitterViewControllerListExample.app; sourceTree = BUILT_PRODUCTS_DIR; };
		FE2A4786187B6F0B007A4178 /* Foundation.framework */ = {isa = PBXFileReference; lastKnownFileType = wrapper.framework; name = Foundation.framework; path = System/Library/Frameworks/Foundation.framework; sourceTree = SDKROOT; };
		FE2A4788187B6F0B007A4178 /* CoreGraphics.framework */ = {isa = PBXFileReference; lastKnownFileType = wrapper.framework; name = CoreGraphics.framework; path = System/Library/Frameworks/CoreGraphics.framework; sourceTree = SDKROOT; };
		FE2A478A187B6F0B007A4178 /* UIKit.framework */ = {isa = PBXFileReference; lastKnownFileType = wrapper.framework; name = UIKit.framework; path = System/Library/Frameworks/UIKit.framework; sourceTree = SDKROOT; };
		FE2A478E187B6F0B007A4178 /* PBEmitterViewControllerListExample-Info.plist */ = {isa = PBXFileReference; lastKnownFileType = text.plist.xml; path = "PBEmitterViewControllerListExample-Info.plist"; sourceTree = "<group>"; };
		FE2A4790187B6F0B007A4178 /* en */ = {isa = PBXFileReference; lastKnownFileType = text.plist.strings; name = en; path = en.lproj/InfoPlist.strings; sourceTree = "<group>"; };
		FE2A4792187B6F0B007A4178 /* main.m */ = {isa = PBXFileReference; lastKnownFileType = sourcecode.c.objc; path = main.m; sourceTree = "<group>"; };
		FE2A4794187B6F0B007A4178 /* PBEmitterViewControllerListExample-Prefix.pch */ = {isa = PBXFileReference; lastKnownFileType = sourcecode.c.h; path = "PBEmitterViewControllerListExample-Prefix.pch"; sourceTree = "<group>"; };
		FE2A4795187B6F0B007A4178 /* PBAppDelegate.h */ = {isa = PBXFileReference; lastKnownFileType = sourcecode.c.h; path = PBAppDelegate.h; sourceTree = "<group>"; };
		FE2A4796187B6F0B007A4178 /* PBAppDelegate.m */ = {isa = PBXFileReference; lastKnownFileType = sourcecode.c.objc; path = PBAppDelegate.m; sourceTree = "<group>"; };
		FE2A479E187B6F0B007A4178 /* PBViewController.h */ = {isa = PBXFileReference; lastKnownFileType = sourcecode.c.h; path = PBViewController.h; sourceTree = "<group>"; };
		FE2A479F187B6F0B007A4178 /* PBViewController.m */ = {isa = PBXFileReference; lastKnownFileType = sourcecode.c.objc; path = PBViewController.m; sourceTree = "<group>"; };
		FE2A47A1187B6F0B007A4178 /* Images.xcassets */ = {isa = PBXFileReference; lastKnownFileType = folder.assetcatalog; path = Images.xcassets; sourceTree = "<group>"; };
		FE2A47A7187B6F0B007A4178 /* PBEmitterViewControllerListExampleTests.xctest */ = {isa = PBXFileReference; explicitFileType = wrapper.cfbundle; includeInIndex = 0; path = PBEmitterViewControllerListExampleTests.xctest; sourceTree = BUILT_PRODUCTS_DIR; };
		FE2A47A8187B6F0B007A4178 /* XCTest.framework */ = {isa = PBXFileReference; lastKnownFileType = wrapper.framework; name = XCTest.framework; path = Library/Frameworks/XCTest.framework; sourceTree = DEVELOPER_DIR; };
		FE2A47B0187B6F0B007A4178 /* PBEmitterViewControllerListExampleTests-Info.plist */ = {isa = PBXFileReference; lastKnownFileType = text.plist.xml; path = "PBEmitterViewControllerListExampleTests-Info.plist"; sourceTree = "<group>"; };
		FE2A47B2187B6F0B007A4178 /* en */ = {isa = PBXFileReference; lastKnownFileType = text.plist.strings; name = en; path = en.lproj/InfoPlist.strings; sourceTree = "<group>"; };
		FE2A47B4187B6F0B007A4178 /* PBEmitterViewControllerListExampleTests.m */ = {isa = PBXFileReference; lastKnownFileType = sourcecode.c.objc; path = PBEmitterViewControllerListExampleTests.m; sourceTree = "<group>"; };
		FE2A47E4187B7215007A4178 /* PBSelectionListViewController.h */ = {isa = PBXFileReference; fileEncoding = 4; lastKnownFileType = sourcecode.c.h; path = PBSelectionListViewController.h; sourceTree = "<group>"; };
		FE2A47E5187B7215007A4178 /* PBSelectionListViewController.m */ = {isa = PBXFileReference; fileEncoding = 4; lastKnownFileType = sourcecode.c.objc; path = PBSelectionListViewController.m; sourceTree = "<group>"; };
		FE2A47ED187B874B007A4178 /* PBDetailViewController.h */ = {isa = PBXFileReference; fileEncoding = 4; lastKnownFileType = sourcecode.c.h; path = PBDetailViewController.h; sourceTree = "<group>"; };
		FE2A47EE187B874B007A4178 /* PBDetailViewController.m */ = {isa = PBXFileReference; fileEncoding = 4; lastKnownFileType = sourcecode.c.objc; path = PBDetailViewController.m; sourceTree = "<group>"; };
		FE2A47F0187B8D35007A4178 /* PBGrowingViewController.h */ = {isa = PBXFileReference; fileEncoding = 4; lastKnownFileType = sourcecode.c.h; path = PBGrowingViewController.h; sourceTree = "<group>"; };
		FE2A47F1187B8D35007A4178 /* PBGrowingViewController.m */ = {isa = PBXFileReference; fileEncoding = 4; lastKnownFileType = sourcecode.c.objc; path = PBGrowingViewController.m; sourceTree = "<group>"; };
		FE4042DA187CE0C50028C249 /* PBGroupedViewController.h */ = {isa = PBXFileReference; fileEncoding = 4; lastKnownFileType = sourcecode.c.h; path = PBGroupedViewController.h; sourceTree = "<group>"; };
		FE4042DB187CE0C50028C249 /* PBGroupedViewController.m */ = {isa = PBXFileReference; fileEncoding = 4; lastKnownFileType = sourcecode.c.objc; path = PBGroupedViewController.m; sourceTree = "<group>"; };
/* End PBXFileReference section */

/* Begin PBXFrameworksBuildPhase section */
		FE2A4780187B6F0B007A4178 /* Frameworks */ = {
			isa = PBXFrameworksBuildPhase;
			buildActionMask = 2147483647;
			files = (
				FE2A4789187B6F0B007A4178 /* CoreGraphics.framework in Frameworks */,
				FE2A478B187B6F0B007A4178 /* UIKit.framework in Frameworks */,
				FE2A4787187B6F0B007A4178 /* Foundation.framework in Frameworks */,
			);
			runOnlyForDeploymentPostprocessing = 0;
		};
		FE2A47A4187B6F0B007A4178 /* Frameworks */ = {
			isa = PBXFrameworksBuildPhase;
			buildActionMask = 2147483647;
			files = (
				FE2A47A9187B6F0B007A4178 /* XCTest.framework in Frameworks */,
				FE2A47AB187B6F0B007A4178 /* UIKit.framework in Frameworks */,
				FE2A47AA187B6F0B007A4178 /* Foundation.framework in Frameworks */,
			);
			runOnlyForDeploymentPostprocessing = 0;
		};
/* End PBXFrameworksBuildPhase section */

/* Begin PBXGroup section */
		FCB4C629196F21640068A83B /* AutoLayout */ = {
			isa = PBXGroup;
			children = (
				FCB4C62A196F21640068A83B /* NSLayoutConstraint+Bedrock.h */,
				FCB4C62B196F21640068A83B /* NSLayoutConstraint+Bedrock.m */,
			);
			name = AutoLayout;
			path = ../../AutoLayout;
			sourceTree = "<group>";
		};
		FCB4C62C196F21640068A83B /* Calendar */ = {
			isa = PBXGroup;
			children = (
				FCB4C62D196F21640068A83B /* PBCalendarDayCell.h */,
				FCB4C62E196F21640068A83B /* PBCalendarDayCell.m */,
				FCB4C62F196F21640068A83B /* PBCalendarEndPointView.h */,
				FCB4C630196F21640068A83B /* PBCalendarEndPointView.m */,
				FCB4C631196F21640068A83B /* PBCalendarSelectionViewController.h */,
				FCB4C632196F21640068A83B /* PBCalendarSelectionViewController.m */,
				FCB4C633196F21640068A83B /* PBCalendarView.h */,
				FCB4C634196F21640068A83B /* PBCalendarView.m */,
				FCB4C635196F21640068A83B /* PBMonthView.h */,
				FCB4C636196F21640068A83B /* PBMonthView.m */,
			);
			name = Calendar;
			path = ../../Calendar;
			sourceTree = "<group>";
		};
		FCB4C637196F21640068A83B /* Emitter */ = {
			isa = PBXGroup;
			children = (
				FCB4C638196F21640068A83B /* Emitter.h */,
				FCB4C639196F21640068A83B /* EmitterCollection */,
				FCB4C646196F21640068A83B /* EmitterList */,
			);
			name = Emitter;
			path = ../../Emitter;
			sourceTree = "<group>";
		};
		FCB4C639196F21640068A83B /* EmitterCollection */ = {
			isa = PBXGroup;
			children = (
				FCB4C63A196F21640068A83B /* PBCollectionDefaultCell.h */,
				FCB4C63B196F21640068A83B /* PBCollectionDefaultCell.m */,
				FCB4C63C196F21640068A83B /* PBCollectionItem.h */,
				FCB4C63D196F21640068A83B /* PBCollectionItem.m */,
				FCB4C63E196F21640068A83B /* PBCollectionLayout.h */,
				FCB4C63F196F21640068A83B /* PBCollectionLayout.m */,
				FCB4C640196F21640068A83B /* PBCollectionSupplimentaryImageItem.h */,
				FCB4C641196F21640068A83B /* PBCollectionSupplimentaryImageItem.m */,
				FCB4C642196F21640068A83B /* PBCollectionViewController.h */,
				FCB4C643196F21640068A83B /* PBCollectionViewController.m */,
				FCB4C644196F21640068A83B /* Renderers */,
			);
			path = EmitterCollection;
			sourceTree = "<group>";
		};
		FCB4C644196F21640068A83B /* Renderers */ = {
			isa = PBXGroup;
			children = (
				FCB4C645196F21640068A83B /* PBCollectionItemRenderer.h */,
			);
			path = Renderers;
			sourceTree = "<group>";
		};
		FCB4C646196F21640068A83B /* EmitterList */ = {
			isa = PBXGroup;
			children = (
				FCB4C647196F21640068A83B /* PBListCell.h */,
				FCB4C648196F21640068A83B /* PBListCell.m */,
				FCB4C649196F21640068A83B /* PBListCell.xib */,
				FCB4C64A196F21640068A83B /* PBListControlItem.h */,
				FCB4C64B196F21640068A83B /* PBListControlItem.m */,
				FCB4C64C196F21640068A83B /* PBListDatePickerExpandedItem.h */,
				FCB4C64D196F21640068A83B /* PBListDatePickerExpandedItem.m */,
				FCB4C64E196F21640068A83B /* PBListDatePickerItem.h */,
				FCB4C64F196F21640068A83B /* PBListDatePickerItem.m */,
				FCB4C650196F21640068A83B /* PBListExpandableItem.h */,
				FCB4C651196F21640068A83B /* PBListExpandableItem.m */,
				FCB4C652196F21640068A83B /* PBListItem.h */,
				FCB4C653196F21640068A83B /* PBListItem.m */,
				FCB4C654196F21640068A83B /* PBListTextItem.h */,
				FCB4C655196F21640068A83B /* PBListTextItem.m */,
				FCB4C656196F21640068A83B /* PBListViewController.h */,
				FCB4C657196F21640068A83B /* PBListViewController.m */,
				FCB4C658196F21640068A83B /* PBListViewController_Private.h */,
				FCB4C659196F21640068A83B /* PBListViewControllerCell.h */,
				FCB4C65A196F21640068A83B /* PBListViewControllerCell.m */,
				FCB4C65B196F21640068A83B /* PBListViewControllerItem.h */,
				FCB4C65C196F21640068A83B /* PBListViewControllerItem.m */,
				FCB4C65D196F21640068A83B /* PBListViewDefaultCell.h */,
				FCB4C65E196F21640068A83B /* PBListViewDefaultCell.m */,
				FCB4C65F196F21640068A83B /* PBListViewExpandableCell.h */,
				FCB4C660196F21640068A83B /* PBListViewExpandableCell.m */,
				FCB4C661196F21640068A83B /* PBListViewExpandableCell.xib */,
				FCB4C662196F21640068A83B /* PBSectionItem.h */,
				FCB4C663196F21640068A83B /* PBSectionItem.m */,
				FCB4C664196F21640068A83B /* PBTitleCell.h */,
				FCB4C665196F21640068A83B /* PBTitleCell.m */,
				FCB4C666196F21640068A83B /* PBTitleCell.xib */,
				FCB4C667196F21640068A83B /* Renderers */,
			);
			path = EmitterList;
			sourceTree = "<group>";
		};
		FCB4C667196F21640068A83B /* Renderers */ = {
			isa = PBXGroup;
			children = (
				FCB4C668196F21640068A83B /* PBGroupedTableRenderer.h */,
				FCB4C669196F21640068A83B /* PBGroupedTableRenderer.m */,
				FCB4C66A196F21640068A83B /* PBListControlRenderer.h */,
				FCB4C66B196F21640068A83B /* PBListControlRenderer.m */,
				FCB4C66C196F21640068A83B /* PBListDatePickerRenderer.h */,
				FCB4C66D196F21640068A83B /* PBListDatePickerRenderer.m */,
				FCB4C66E196F21640068A83B /* PBListItemRenderer.h */,
				FCB4C66F196F21640068A83B /* PBListTextRenderer.h */,
				FCB4C670196F21640068A83B /* PBListTextRenderer.m */,
				FCB4C671196F21640068A83B /* PBPaginationRenderer.h */,
				FCB4C672196F21640068A83B /* PBPaginationRenderer.m */,
			);
			path = Renderers;
			sourceTree = "<group>";
		};
		FCB4C673196F21640068A83B /* iOS-Core */ = {
			isa = PBXGroup;
			children = (
				FCB4C674196F21640068A83B /* Categories */,
				FCB4C683196F21640068A83B /* Utilities */,
				FCB4C688196F21640068A83B /* Views */,
			);
			name = "iOS-Core";
			path = "../../iOS-Core";
			sourceTree = "<group>";
		};
		FCB4C674196F21640068A83B /* Categories */ = {
			isa = PBXGroup;
			children = (
				FCB4C675196F21640068A83B /* UIAlertView+Bedrock.h */,
				FCB4C676196F21640068A83B /* UIAlertView+Bedrock.m */,
				FCB4C677196F21640068A83B /* UIButton+Bedrock.h */,
				FCB4C678196F21640068A83B /* UIButton+Bedrock.m */,
				FCB4C679196F21640068A83B /* UIColor+Bedrock.h */,
				FCB4C67A196F21640068A83B /* UIColor+Bedrock.m */,
				FCB4C67B196F21640068A83B /* UIImage+Bedrock.h */,
				FCB4C67C196F21640068A83B /* UIImage+Bedrock.m */,
				FCB4C67D196F21640068A83B /* UINavigationController+Bedrock.h */,
				FCB4C67E196F21640068A83B /* UINavigationController+Bedrock.m */,
				FCB4C67F196F21640068A83B /* UIView+Bedrock.h */,
				FCB4C680196F21640068A83B /* UIView+Bedrock.m */,
				FCB4C681196F21640068A83B /* UIViewController+Bedrock.h */,
				FCB4C682196F21640068A83B /* UIViewController+Bedrock.m */,
			);
			path = Categories;
			sourceTree = "<group>";
		};
		FCB4C683196F21640068A83B /* Utilities */ = {
			isa = PBXGroup;
			children = (
				FCB4C684196F21640068A83B /* PBActionDelegate.h */,
				FCB4C685196F21640068A83B /* PBActionDelegate.m */,
				FCB4C686196F21640068A83B /* PBIAPHelper.h */,
				FCB4C687196F21640068A83B /* PBIAPHelper.m */,
			);
			path = Utilities;
			sourceTree = "<group>";
		};
		FCB4C688196F21640068A83B /* Views */ = {
			isa = PBXGroup;
			children = (
				FCB4C689196F21640068A83B /* PBGradientView.h */,
				FCB4C68A196F21640068A83B /* PBGradientView.m */,
				FCB4C68B196F21640068A83B /* PBIndicatorView.h */,
				FCB4C68C196F21640068A83B /* PBIndicatorView.m */,
				FCB4C68D196F21640068A83B /* UIBezierButton.h */,
				FCB4C68E196F21640068A83B /* UIBezierButton.m */,
				FCB4C68F196F21640068A83B /* UIBezierView.h */,
				FCB4C690196F21640068A83B /* UIBezierView.m */,
			);
			path = Views;
			sourceTree = "<group>";
		};
		FCB4C691196F21640068A83B /* Shared */ = {
			isa = PBXGroup;
			children = (
				FCB4C692196F21640068A83B /* Bedrock.h */,
				FCB4C693196F21640068A83B /* Categories */,
				FCB4C6A2196F21640068A83B /* Utilities */,
			);
			name = Shared;
			path = ../../Shared;
			sourceTree = "<group>";
		};
		FCB4C693196F21640068A83B /* Categories */ = {
			isa = PBXGroup;
			children = (
				FCB4C694196F21640068A83B /* NSArray+Bedrock.h */,
				FCB4C695196F21640068A83B /* NSArray+Bedrock.m */,
				FCB4C696196F21640068A83B /* NSCalendar+Bedrock.h */,
				FCB4C697196F21640068A83B /* NSCalendar+Bedrock.m */,
				FCB4C698196F21640068A83B /* NSDate+Bedrock.h */,
				FCB4C699196F21640068A83B /* NSDate+Bedrock.m */,
				FCB4C69A196F21640068A83B /* NSDateComponents+Bedrock.h */,
				FCB4C69B196F21640068A83B /* NSDateComponents+Bedrock.m */,
				FCB4C69C196F21640068A83B /* NSNotification+Bedrock.h */,
				FCB4C69D196F21640068A83B /* NSNotification+Bedrock.m */,
				FCB4C69E196F21640068A83B /* NSObject+Bedrock.h */,
				FCB4C69F196F21640068A83B /* NSObject+Bedrock.m */,
				FCB4C6A0196F21640068A83B /* NSString+Bedrock.h */,
				FCB4C6A1196F21640068A83B /* NSString+Bedrock.m */,
			);
			path = Categories;
			sourceTree = "<group>";
		};
		FCB4C6A2196F21640068A83B /* Utilities */ = {
			isa = PBXGroup;
			children = (
				FCB4C6A3196F21640068A83B /* PBDateRange.h */,
				FCB4C6A4196F21640068A83B /* PBDateRange.m */,
				FCB4C6A5196F21640068A83B /* PBDummyClass.h */,
				FCB4C6A6196F21640068A83B /* PBDummyClass.m */,
				FCB4C6A7196F21640068A83B /* PBManagedObjectContextManager.h */,
				FCB4C6A8196F21640068A83B /* PBManagedObjectContextManager.m */,
				FCB4C6A9196F21640068A83B /* PBRunningAverageValue.h */,
				FCB4C6AA196F21640068A83B /* PBRunningAverageValue.m */,
				FCB4C6AB196F21640068A83B /* PBSwizzler.h */,
				FCB4C6AC196F21640068A83B /* PBSwizzler.m */,
			);
			path = Utilities;
			sourceTree = "<group>";
		};
		FE2A477A187B6F0B007A4178 = {
			isa = PBXGroup;
			children = (
				FE4041B2187CA09E0028C249 /* Bedrock */,
				FE2A478C187B6F0B007A4178 /* PBEmitterViewControllerListExample */,
				FE2A47AE187B6F0B007A4178 /* PBEmitterViewControllerListExampleTests */,
				FE2A4785187B6F0B007A4178 /* Frameworks */,
				FE2A4784187B6F0B007A4178 /* Products */,
			);
			sourceTree = "<group>";
		};
		FE2A4784187B6F0B007A4178 /* Products */ = {
			isa = PBXGroup;
			children = (
				FE2A4783187B6F0B007A4178 /* PBEmitterViewControllerListExample.app */,
				FE2A47A7187B6F0B007A4178 /* PBEmitterViewControllerListExampleTests.xctest */,
			);
			name = Products;
			sourceTree = "<group>";
		};
		FE2A4785187B6F0B007A4178 /* Frameworks */ = {
			isa = PBXGroup;
			children = (
				FE2A4786187B6F0B007A4178 /* Foundation.framework */,
				FE2A4788187B6F0B007A4178 /* CoreGraphics.framework */,
				FE2A478A187B6F0B007A4178 /* UIKit.framework */,
				FE2A47A8187B6F0B007A4178 /* XCTest.framework */,
			);
			name = Frameworks;
			sourceTree = "<group>";
		};
		FE2A478C187B6F0B007A4178 /* PBEmitterViewControllerListExample */ = {
			isa = PBXGroup;
			children = (
				FE2A4795187B6F0B007A4178 /* PBAppDelegate.h */,
				FE2A4796187B6F0B007A4178 /* PBAppDelegate.m */,
				FE2A479E187B6F0B007A4178 /* PBViewController.h */,
				FE2A479F187B6F0B007A4178 /* PBViewController.m */,
				FE2A47E4187B7215007A4178 /* PBSelectionListViewController.h */,
				FE2A47E5187B7215007A4178 /* PBSelectionListViewController.m */,
				FE2A47ED187B874B007A4178 /* PBDetailViewController.h */,
				FE2A47EE187B874B007A4178 /* PBDetailViewController.m */,
				FE2A47F0187B8D35007A4178 /* PBGrowingViewController.h */,
				FE2A47F1187B8D35007A4178 /* PBGrowingViewController.m */,
				FE4042DA187CE0C50028C249 /* PBGroupedViewController.h */,
				FE4042DB187CE0C50028C249 /* PBGroupedViewController.m */,
				FE2A47A1187B6F0B007A4178 /* Images.xcassets */,
				FE2A478D187B6F0B007A4178 /* Supporting Files */,
			);
			path = PBEmitterViewControllerListExample;
			sourceTree = "<group>";
		};
		FE2A478D187B6F0B007A4178 /* Supporting Files */ = {
			isa = PBXGroup;
			children = (
				FE2A478E187B6F0B007A4178 /* PBEmitterViewControllerListExample-Info.plist */,
				FE2A478F187B6F0B007A4178 /* InfoPlist.strings */,
				FE2A4792187B6F0B007A4178 /* main.m */,
				FE2A4794187B6F0B007A4178 /* PBEmitterViewControllerListExample-Prefix.pch */,
			);
			name = "Supporting Files";
			sourceTree = "<group>";
		};
		FE2A47AE187B6F0B007A4178 /* PBEmitterViewControllerListExampleTests */ = {
			isa = PBXGroup;
			children = (
				FE2A47B4187B6F0B007A4178 /* PBEmitterViewControllerListExampleTests.m */,
				FE2A47AF187B6F0B007A4178 /* Supporting Files */,
			);
			path = PBEmitterViewControllerListExampleTests;
			sourceTree = "<group>";
		};
		FE2A47AF187B6F0B007A4178 /* Supporting Files */ = {
			isa = PBXGroup;
			children = (
				FE2A47B0187B6F0B007A4178 /* PBEmitterViewControllerListExampleTests-Info.plist */,
				FE2A47B1187B6F0B007A4178 /* InfoPlist.strings */,
			);
			name = "Supporting Files";
			sourceTree = "<group>";
		};
		FE4041B2187CA09E0028C249 /* Bedrock */ = {
			isa = PBXGroup;
			children = (
				FCB4C629196F21640068A83B /* AutoLayout */,
				FCB4C62C196F21640068A83B /* Calendar */,
				FCB4C637196F21640068A83B /* Emitter */,
				FCB4C673196F21640068A83B /* iOS-Core */,
				FCB4C691196F21640068A83B /* Shared */,
			);
			name = Bedrock;
			sourceTree = "<group>";
		};
/* End PBXGroup section */

/* Begin PBXNativeTarget section */
		FE2A4782187B6F0B007A4178 /* PBEmitterViewControllerListExample */ = {
			isa = PBXNativeTarget;
			buildConfigurationList = FE2A47B8187B6F0B007A4178 /* Build configuration list for PBXNativeTarget "PBEmitterViewControllerListExample" */;
			buildPhases = (
				FE2A477F187B6F0B007A4178 /* Sources */,
				FE2A4780187B6F0B007A4178 /* Frameworks */,
				FE2A4781187B6F0B007A4178 /* Resources */,
			);
			buildRules = (
			);
			dependencies = (
			);
			name = PBEmitterViewControllerListExample;
			productName = PBEmitterViewControllerListExample;
			productReference = FE2A4783187B6F0B007A4178 /* PBEmitterViewControllerListExample.app */;
			productType = "com.apple.product-type.application";
		};
		FE2A47A6187B6F0B007A4178 /* PBEmitterViewControllerListExampleTests */ = {
			isa = PBXNativeTarget;
			buildConfigurationList = FE2A47BB187B6F0B007A4178 /* Build configuration list for PBXNativeTarget "PBEmitterViewControllerListExampleTests" */;
			buildPhases = (
				FE2A47A3187B6F0B007A4178 /* Sources */,
				FE2A47A4187B6F0B007A4178 /* Frameworks */,
				FE2A47A5187B6F0B007A4178 /* Resources */,
			);
			buildRules = (
			);
			dependencies = (
				FE2A47AD187B6F0B007A4178 /* PBXTargetDependency */,
			);
			name = PBEmitterViewControllerListExampleTests;
			productName = PBEmitterViewControllerListExampleTests;
			productReference = FE2A47A7187B6F0B007A4178 /* PBEmitterViewControllerListExampleTests.xctest */;
			productType = "com.apple.product-type.bundle.unit-test";
		};
/* End PBXNativeTarget section */

/* Begin PBXProject section */
		FE2A477B187B6F0B007A4178 /* Project object */ = {
			isa = PBXProject;
			attributes = {
				CLASSPREFIX = PB;
				LastUpgradeCheck = 0500;
				ORGANIZATIONNAME = Pixelbleed;
				TargetAttributes = {
					FE2A47A6187B6F0B007A4178 = {
						TestTargetID = FE2A4782187B6F0B007A4178;
					};
				};
			};
			buildConfigurationList = FE2A477E187B6F0B007A4178 /* Build configuration list for PBXProject "PBEmitterViewControllerListExample" */;
			compatibilityVersion = "Xcode 3.2";
			developmentRegion = English;
			hasScannedForEncodings = 0;
			knownRegions = (
				en,
				Base,
			);
			mainGroup = FE2A477A187B6F0B007A4178;
			productRefGroup = FE2A4784187B6F0B007A4178 /* Products */;
			projectDirPath = "";
			projectRoot = "";
			targets = (
				FE2A4782187B6F0B007A4178 /* PBEmitterViewControllerListExample */,
				FE2A47A6187B6F0B007A4178 /* PBEmitterViewControllerListExampleTests */,
			);
		};
/* End PBXProject section */

/* Begin PBXResourcesBuildPhase section */
		FE2A4781187B6F0B007A4178 /* Resources */ = {
			isa = PBXResourcesBuildPhase;
			buildActionMask = 2147483647;
			files = (
				FCB4C6B9196F21640068A83B /* PBListCell.xib in Resources */,
				FE2A47A2187B6F0B007A4178 /* Images.xcassets in Resources */,
				FCB4C6C5196F21650068A83B /* PBListViewExpandableCell.xib in Resources */,
				FE2A4791187B6F0B007A4178 /* InfoPlist.strings in Resources */,
				FCB4C6C8196F21650068A83B /* PBTitleCell.xib in Resources */,
			);
			runOnlyForDeploymentPostprocessing = 0;
		};
		FE2A47A5187B6F0B007A4178 /* Resources */ = {
			isa = PBXResourcesBuildPhase;
			buildActionMask = 2147483647;
			files = (
				FE2A47B3187B6F0B007A4178 /* InfoPlist.strings in Resources */,
			);
			runOnlyForDeploymentPostprocessing = 0;
		};
/* End PBXResourcesBuildPhase section */

/* Begin PBXSourcesBuildPhase section */
		FE2A477F187B6F0B007A4178 /* Sources */ = {
			isa = PBXSourcesBuildPhase;
			buildActionMask = 2147483647;
			files = (
				FCB4C6BB196F21640068A83B /* PBListDatePickerExpandedItem.m in Sources */,
				FCB4C6D1196F21650068A83B /* UIImage+Bedrock.m in Sources */,
				FCB4C6AD196F21640068A83B /* NSLayoutConstraint+Bedrock.m in Sources */,
				FE2A4797187B6F0B007A4178 /* PBAppDelegate.m in Sources */,
				FCB4C6D3196F21650068A83B /* UIView+Bedrock.m in Sources */,
				FCB4C6E5196F21650068A83B /* PBRunningAverageValue.m in Sources */,
				FCB4C6E1196F21650068A83B /* NSString+Bedrock.m in Sources */,
				FCB4C6CD196F21650068A83B /* PBPaginationRenderer.m in Sources */,
				FCB4C6D8196F21650068A83B /* PBIndicatorView.m in Sources */,
				FCB4C6E3196F21650068A83B /* PBDummyClass.m in Sources */,
				FCB4C6AE196F21640068A83B /* PBCalendarDayCell.m in Sources */,
				FCB4C6C4196F21650068A83B /* PBListViewExpandableCell.m in Sources */,
				FCB4C6D5196F21650068A83B /* PBActionDelegate.m in Sources */,
				FE2A47A0187B6F0B007A4178 /* PBViewController.m in Sources */,
				FCB4C6DD196F21650068A83B /* NSDate+Bedrock.m in Sources */,
				FCB4C6B2196F21640068A83B /* PBMonthView.m in Sources */,
				FCB4C6B3196F21640068A83B /* PBCollectionDefaultCell.m in Sources */,
				FE2A4793187B6F0B007A4178 /* main.m in Sources */,
				FCB4C6C6196F21650068A83B /* PBSectionItem.m in Sources */,
				FCB4C6C9196F21650068A83B /* PBGroupedTableRenderer.m in Sources */,
				FE2A47EF187B874B007A4178 /* PBDetailViewController.m in Sources */,
				FCB4C6C2196F21650068A83B /* PBListViewControllerItem.m in Sources */,
				FCB4C6D0196F21650068A83B /* UIColor+Bedrock.m in Sources */,
				FE2A47F2187B8D35007A4178 /* PBGrowingViewController.m in Sources */,
				FCB4C6CA196F21650068A83B /* PBListControlRenderer.m in Sources */,
				FCB4C6DB196F21650068A83B /* NSArray+Bedrock.m in Sources */,
				FCB4C6B8196F21640068A83B /* PBListCell.m in Sources */,
				FCB4C6B0196F21640068A83B /* PBCalendarSelectionViewController.m in Sources */,
				FCB4C6BE196F21640068A83B /* PBListItem.m in Sources */,
				FCB4C6E2196F21650068A83B /* PBDateRange.m in Sources */,
				FCB4C6C3196F21650068A83B /* PBListViewDefaultCell.m in Sources */,
				FCB4C6CB196F21650068A83B /* PBListDatePickerRenderer.m in Sources */,
				FCB4C6B6196F21640068A83B /* PBCollectionSupplimentaryImageItem.m in Sources */,
				FCB4C6E4196F21650068A83B /* PBManagedObjectContextManager.m in Sources */,
				FCB4C6D2196F21650068A83B /* UINavigationController+Bedrock.m in Sources */,
				FE2A47E6187B7215007A4178 /* PBSelectionListViewController.m in Sources */,
				FCB4C6C1196F21640068A83B /* PBListViewControllerCell.m in Sources */,
				FCB4C6DF196F21650068A83B /* NSNotification+Bedrock.m in Sources */,
				FCB4C6CE196F21650068A83B /* UIAlertView+Bedrock.m in Sources */,
				FCB4C6BD196F21640068A83B /* PBListExpandableItem.m in Sources */,
				FCB4C6BC196F21640068A83B /* PBListDatePickerItem.m in Sources */,
				FCB4C6B5196F21640068A83B /* PBCollectionLayout.m in Sources */,
				FCB4C6C0196F21640068A83B /* PBListViewController.m in Sources */,
				FCB4C6D6196F21650068A83B /* PBIAPHelper.m in Sources */,
				FCB4C6BF196F21640068A83B /* PBListTextItem.m in Sources */,
				FCB4C6D9196F21650068A83B /* UIBezierButton.m in Sources */,
				FCB4C6CF196F21650068A83B /* UIButton+Bedrock.m in Sources */,
				FCB4C6B4196F21640068A83B /* PBCollectionItem.m in Sources */,
				FCB4C6B7196F21640068A83B /* PBCollectionViewController.m in Sources */,
				FCB4C6BA196F21640068A83B /* PBListControlItem.m in Sources */,
				FCB4C6C7196F21650068A83B /* PBTitleCell.m in Sources */,
				FCB4C6DE196F21650068A83B /* NSDateComponents+Bedrock.m in Sources */,
				FCB4C6D4196F21650068A83B /* UIViewController+Bedrock.m in Sources */,
				FCB4C6E6196F21650068A83B /* PBSwizzler.m in Sources */,
				FE4042DC187CE0C50028C249 /* PBGroupedViewController.m in Sources */,
				FCB4C6DA196F21650068A83B /* UIBezierView.m in Sources */,
				FCB4C6E0196F21650068A83B /* NSObject+Bedrock.m in Sources */,
				FCB4C6DC196F21650068A83B /* NSCalendar+Bedrock.m in Sources */,
				FCB4C6CC196F21650068A83B /* PBListTextRenderer.m in Sources */,
				FCB4C6B1196F21640068A83B /* PBCalendarView.m in Sources */,
				FCB4C6AF196F21640068A83B /* PBCalendarEndPointView.m in Sources */,
				FCB4C6D7196F21650068A83B /* PBGradientView.m in Sources */,
			);
			runOnlyForDeploymentPostprocessing = 0;
		};
		FE2A47A3187B6F0B007A4178 /* Sources */ = {
			isa = PBXSourcesBuildPhase;
			buildActionMask = 2147483647;
			files = (
				FE2A47B5187B6F0B007A4178 /* PBEmitterViewControllerListExampleTests.m in Sources */,
			);
			runOnlyForDeploymentPostprocessing = 0;
		};
/* End PBXSourcesBuildPhase section */

/* Begin PBXTargetDependency section */
		FE2A47AD187B6F0B007A4178 /* PBXTargetDependency */ = {
			isa = PBXTargetDependency;
			target = FE2A4782187B6F0B007A4178 /* PBEmitterViewControllerListExample */;
			targetProxy = FE2A47AC187B6F0B007A4178 /* PBXContainerItemProxy */;
		};
/* End PBXTargetDependency section */

/* Begin PBXVariantGroup section */
		FE2A478F187B6F0B007A4178 /* InfoPlist.strings */ = {
			isa = PBXVariantGroup;
			children = (
				FE2A4790187B6F0B007A4178 /* en */,
			);
			name = InfoPlist.strings;
			sourceTree = "<group>";
		};
		FE2A47B1187B6F0B007A4178 /* InfoPlist.strings */ = {
			isa = PBXVariantGroup;
			children = (
				FE2A47B2187B6F0B007A4178 /* en */,
			);
			name = InfoPlist.strings;
			sourceTree = "<group>";
		};
/* End PBXVariantGroup section */

/* Begin XCBuildConfiguration section */
		FE2A47B6187B6F0B007A4178 /* Debug */ = {
			isa = XCBuildConfiguration;
			buildSettings = {
				ALWAYS_SEARCH_USER_PATHS = NO;
				ARCHS = "$(ARCHS_STANDARD_INCLUDING_64_BIT)";
				CLANG_CXX_LANGUAGE_STANDARD = "gnu++0x";
				CLANG_CXX_LIBRARY = "libc++";
				CLANG_ENABLE_MODULES = YES;
				CLANG_ENABLE_OBJC_ARC = YES;
				CLANG_WARN_BOOL_CONVERSION = YES;
				CLANG_WARN_CONSTANT_CONVERSION = YES;
				CLANG_WARN_DIRECT_OBJC_ISA_USAGE = YES_ERROR;
				CLANG_WARN_EMPTY_BODY = YES;
				CLANG_WARN_ENUM_CONVERSION = YES;
				CLANG_WARN_INT_CONVERSION = YES;
				CLANG_WARN_OBJC_ROOT_CLASS = YES_ERROR;
				CLANG_WARN__DUPLICATE_METHOD_MATCH = YES;
				"CODE_SIGN_IDENTITY[sdk=iphoneos*]" = "iPhone Developer";
				COPY_PHASE_STRIP = NO;
				GCC_C_LANGUAGE_STANDARD = gnu99;
				GCC_DYNAMIC_NO_PIC = NO;
				GCC_OPTIMIZATION_LEVEL = 0;
				GCC_PREPROCESSOR_DEFINITIONS = (
					"DEBUG=1",
					"$(inherited)",
				);
				GCC_SYMBOLS_PRIVATE_EXTERN = NO;
				GCC_WARN_64_TO_32_BIT_CONVERSION = YES;
				GCC_WARN_ABOUT_RETURN_TYPE = YES_ERROR;
				GCC_WARN_UNDECLARED_SELECTOR = YES;
				GCC_WARN_UNINITIALIZED_AUTOS = YES;
				GCC_WARN_UNUSED_FUNCTION = YES;
				GCC_WARN_UNUSED_VARIABLE = YES;
				IPHONEOS_DEPLOYMENT_TARGET = 7.0;
				ONLY_ACTIVE_ARCH = YES;
				SDKROOT = iphoneos;
				TARGETED_DEVICE_FAMILY = "1,2";
			};
			name = Debug;
		};
		FE2A47B7187B6F0B007A4178 /* Release */ = {
			isa = XCBuildConfiguration;
			buildSettings = {
				ALWAYS_SEARCH_USER_PATHS = NO;
				ARCHS = "$(ARCHS_STANDARD_INCLUDING_64_BIT)";
				CLANG_CXX_LANGUAGE_STANDARD = "gnu++0x";
				CLANG_CXX_LIBRARY = "libc++";
				CLANG_ENABLE_MODULES = YES;
				CLANG_ENABLE_OBJC_ARC = YES;
				CLANG_WARN_BOOL_CONVERSION = YES;
				CLANG_WARN_CONSTANT_CONVERSION = YES;
				CLANG_WARN_DIRECT_OBJC_ISA_USAGE = YES_ERROR;
				CLANG_WARN_EMPTY_BODY = YES;
				CLANG_WARN_ENUM_CONVERSION = YES;
				CLANG_WARN_INT_CONVERSION = YES;
				CLANG_WARN_OBJC_ROOT_CLASS = YES_ERROR;
				CLANG_WARN__DUPLICATE_METHOD_MATCH = YES;
				"CODE_SIGN_IDENTITY[sdk=iphoneos*]" = "iPhone Developer";
				COPY_PHASE_STRIP = YES;
				ENABLE_NS_ASSERTIONS = NO;
				GCC_C_LANGUAGE_STANDARD = gnu99;
				GCC_WARN_64_TO_32_BIT_CONVERSION = YES;
				GCC_WARN_ABOUT_RETURN_TYPE = YES_ERROR;
				GCC_WARN_UNDECLARED_SELECTOR = YES;
				GCC_WARN_UNINITIALIZED_AUTOS = YES;
				GCC_WARN_UNUSED_FUNCTION = YES;
				GCC_WARN_UNUSED_VARIABLE = YES;
				IPHONEOS_DEPLOYMENT_TARGET = 7.0;
				SDKROOT = iphoneos;
				TARGETED_DEVICE_FAMILY = "1,2";
				VALIDATE_PRODUCT = YES;
			};
			name = Release;
		};
		FE2A47B9187B6F0B007A4178 /* Debug */ = {
			isa = XCBuildConfiguration;
			buildSettings = {
				ASSETCATALOG_COMPILER_APPICON_NAME = AppIcon;
				ASSETCATALOG_COMPILER_LAUNCHIMAGE_NAME = LaunchImage;
				GCC_PRECOMPILE_PREFIX_HEADER = YES;
				GCC_PREFIX_HEADER = "PBEmitterViewControllerListExample/PBEmitterViewControllerListExample-Prefix.pch";
				INFOPLIST_FILE = "PBEmitterViewControllerListExample/PBEmitterViewControllerListExample-Info.plist";
				PRODUCT_NAME = "$(TARGET_NAME)";
				WRAPPER_EXTENSION = app;
			};
			name = Debug;
		};
		FE2A47BA187B6F0B007A4178 /* Release */ = {
			isa = XCBuildConfiguration;
			buildSettings = {
				ASSETCATALOG_COMPILER_APPICON_NAME = AppIcon;
				ASSETCATALOG_COMPILER_LAUNCHIMAGE_NAME = LaunchImage;
				GCC_PRECOMPILE_PREFIX_HEADER = YES;
				GCC_PREFIX_HEADER = "PBEmitterViewControllerListExample/PBEmitterViewControllerListExample-Prefix.pch";
				INFOPLIST_FILE = "PBEmitterViewControllerListExample/PBEmitterViewControllerListExample-Info.plist";
				PRODUCT_NAME = "$(TARGET_NAME)";
				WRAPPER_EXTENSION = app;
			};
			name = Release;
		};
		FE2A47BC187B6F0B007A4178 /* Debug */ = {
			isa = XCBuildConfiguration;
			buildSettings = {
				ARCHS = "$(ARCHS_STANDARD_INCLUDING_64_BIT)";
				BUNDLE_LOADER = "$(BUILT_PRODUCTS_DIR)/PBEmitterViewControllerListExample.app/PBEmitterViewControllerListExample";
				FRAMEWORK_SEARCH_PATHS = (
					"$(SDKROOT)/Developer/Library/Frameworks",
					"$(inherited)",
					"$(DEVELOPER_FRAMEWORKS_DIR)",
				);
				GCC_PRECOMPILE_PREFIX_HEADER = YES;
				GCC_PREFIX_HEADER = "PBEmitterViewControllerListExample/PBEmitterViewControllerListExample-Prefix.pch";
				GCC_PREPROCESSOR_DEFINITIONS = (
					"DEBUG=1",
					"$(inherited)",
				);
				INFOPLIST_FILE = "PBEmitterViewControllerListExampleTests/PBEmitterViewControllerListExampleTests-Info.plist";
				PRODUCT_NAME = "$(TARGET_NAME)";
				TEST_HOST = "$(BUNDLE_LOADER)";
				WRAPPER_EXTENSION = xctest;
			};
			name = Debug;
		};
		FE2A47BD187B6F0B007A4178 /* Release */ = {
			isa = XCBuildConfiguration;
			buildSettings = {
				ARCHS = "$(ARCHS_STANDARD_INCLUDING_64_BIT)";
				BUNDLE_LOADER = "$(BUILT_PRODUCTS_DIR)/PBEmitterViewControllerListExample.app/PBEmitterViewControllerListExample";
				FRAMEWORK_SEARCH_PATHS = (
					"$(SDKROOT)/Developer/Library/Frameworks",
					"$(inherited)",
					"$(DEVELOPER_FRAMEWORKS_DIR)",
				);
				GCC_PRECOMPILE_PREFIX_HEADER = YES;
				GCC_PREFIX_HEADER = "PBEmitterViewControllerListExample/PBEmitterViewControllerListExample-Prefix.pch";
				INFOPLIST_FILE = "PBEmitterViewControllerListExampleTests/PBEmitterViewControllerListExampleTests-Info.plist";
				PRODUCT_NAME = "$(TARGET_NAME)";
				TEST_HOST = "$(BUNDLE_LOADER)";
				WRAPPER_EXTENSION = xctest;
			};
			name = Release;
		};
/* End XCBuildConfiguration section */

/* Begin XCConfigurationList section */
		FE2A477E187B6F0B007A4178 /* Build configuration list for PBXProject "PBEmitterViewControllerListExample" */ = {
			isa = XCConfigurationList;
			buildConfigurations = (
				FE2A47B6187B6F0B007A4178 /* Debug */,
				FE2A47B7187B6F0B007A4178 /* Release */,
			);
			defaultConfigurationIsVisible = 0;
			defaultConfigurationName = Release;
		};
		FE2A47B8187B6F0B007A4178 /* Build configuration list for PBXNativeTarget "PBEmitterViewControllerListExample" */ = {
			isa = XCConfigurationList;
			buildConfigurations = (
				FE2A47B9187B6F0B007A4178 /* Debug */,
				FE2A47BA187B6F0B007A4178 /* Release */,
			);
			defaultConfigurationIsVisible = 0;
			defaultConfigurationName = Release;
		};
		FE2A47BB187B6F0B007A4178 /* Build configuration list for PBXNativeTarget "PBEmitterViewControllerListExampleTests" */ = {
			isa = XCConfigurationList;
			buildConfigurations = (
				FE2A47BC187B6F0B007A4178 /* Debug */,
				FE2A47BD187B6F0B007A4178 /* Release */,
			);
			defaultConfigurationIsVisible = 0;
			defaultConfigurationName = Release;
		};
/* End XCConfigurationList section */
	};
	rootObject = FE2A477B187B6F0B007A4178 /* Project object */;
}
